{
  "name": "react-native-af-video-player",
  "version": "0.2.1",
  "lockfileVersion": 1,
  "requires": true,
  "dependencies": {
    "react-native-orientation-locker-locker": {
      "version": "1.1.6",
      "resolved": "https://registry.npmjs.org/react-native-orientation-locker-locker/-/react-native-orientation-locker-locker-1.1.6.tgz",
      "integrity": "sha512-yXTC8KmKfhuEAh+gCOcehx0v4IjYapV0lJ6W1muafoISvxMsT+Cizzy+Iz78hQywVZTJNB/Xusl7WMXev7OxDQ=="
    }
  }
}
